
Microsoft Visual Studio Solution File, Format Version 12.00
# Visual Studio Version 17
VisualStudioVersion = 17.0.31825.309
MinimumVisualStudioVersion = 10.0.40219.1
Project("{9A19103F-16F7-4668-BE54-9A1E7A4F7556}") = "Learning2023", "Learning2023\Learning2023.csproj", "{DAD17687-9CF9-420D-9133-4C2F948EB4DF}"
EndProject
Project("{9A19103F-16F7-4668-BE54-9A1E7A4F7556}") = "xUnitTest", "xUnitTest\xUnitTest.csproj", "{1270416D-F94C-4784-B502-F663607C3ECC}"
EndProject
Project("{9A19103F-16F7-4668-BE54-9A1E7A4F7556}") = "Project1", "Project1\Project1.csproj", "{59F2FF76-201D-4DF4-98F3-20FCCC2F5864}"
EndProject
Project("{9A19103F-16F7-4668-BE54-9A1E7A4F7556}") = "WebApplication1", "WebApplication1\WebApplication1.csproj", "{22304F58-74EE-4851-9057-A50AB29B107F}"
EndProject
Project("{9A19103F-16F7-4668-BE54-9A1E7A4F7556}") = "AzureOpenAIPoc1", "AzureOpenAIPoc1\AzureOpenAIPoc1.csproj", "{6224DF74-2157-4CCD-8BC7-F1C40D77AFA6}"
EndProject
Project("{9A19103F-16F7-4668-BE54-9A1E7A4F7556}") = "FunctionApp1", "FunctionApp1\FunctionApp1.csproj", "{E5EE3A89-F772-4E6B-87BC-113811B8669F}"
EndProject
Project("{9A19103F-16F7-4668-BE54-9A1E7A4F7556}") = "ConsoleApp1", "ConsoleApp1\ConsoleApp1.csproj", "{2FEA78C7-EB18-4F88-844C-BD7CB8CBDFA8}"
EndProject
Global
	GlobalSection(SolutionConfigurationPlatforms) = preSolution
		Debug|Any CPU = Debug|Any CPU
		Release|Any CPU = Release|Any CPU
	EndGlobalSection
	GlobalSection(ProjectConfigurationPlatforms) = postSolution
		{DAD17687-9CF9-420D-9133-4C2F948EB4DF}.Debug|Any CPU.ActiveCfg = Debug|Any CPU
		{DAD17687-9CF9-420D-9133-4C2F948EB4DF}.Debug|Any CPU.Build.0 = Debug|Any CPU
		{DAD17687-9CF9-420D-9133-4C2F948EB4DF}.Release|Any CPU.ActiveCfg = Release|Any CPU
		{DAD17687-9CF9-420D-9133-4C2F948EB4DF}.Release|Any CPU.Build.0 = Release|Any CPU
		{1270416D-F94C-4784-B502-F663607C3ECC}.Debug|Any CPU.ActiveCfg = Debug|Any CPU
		{1270416D-F94C-4784-B502-F663607C3ECC}.Debug|Any CPU.Build.0 = Debug|Any CPU
		{1270416D-F94C-4784-B502-F663607C3ECC}.Release|Any CPU.ActiveCfg = Release|Any CPU
		{1270416D-F94C-4784-B502-F663607C3ECC}.Release|Any CPU.Build.0 = Release|Any CPU
		{59F2FF76-201D-4DF4-98F3-20FCCC2F5864}.Debug|Any CPU.ActiveCfg = Debug|Any CPU
		{59F2FF76-201D-4DF4-98F3-20FCCC2F5864}.Debug|Any CPU.Build.0 = Debug|Any CPU
		{59F2FF76-201D-4DF4-98F3-20FCCC2F5864}.Release|Any CPU.ActiveCfg = Release|Any CPU
		{59F2FF76-201D-4DF4-98F3-20FCCC2F5864}.Release|Any CPU.Build.0 = Release|Any CPU
		{22304F58-74EE-4851-9057-A50AB29B107F}.Debug|Any CPU.ActiveCfg = Debug|Any CPU
		{22304F58-74EE-4851-9057-A50AB29B107F}.Debug|Any CPU.Build.0 = Debug|Any CPU
		{22304F58-74EE-4851-9057-A50AB29B107F}.Release|Any CPU.ActiveCfg = Release|Any CPU
		{22304F58-74EE-4851-9057-A50AB29B107F}.Release|Any CPU.Build.0 = Release|Any CPU
		{6224DF74-2157-4CCD-8BC7-F1C40D77AFA6}.Debug|Any CPU.ActiveCfg = Debug|Any CPU
		{6224DF74-2157-4CCD-8BC7-F1C40D77AFA6}.Debug|Any CPU.Build.0 = Debug|Any CPU
		{6224DF74-2157-4CCD-8BC7-F1C40D77AFA6}.Release|Any CPU.ActiveCfg = Release|Any CPU
		{6224DF74-2157-4CCD-8BC7-F1C40D77AFA6}.Release|Any CPU.Build.0 = Release|Any CPU
		{E5EE3A89-F772-4E6B-87BC-113811B8669F}.Debug|Any CPU.ActiveCfg = Debug|Any CPU
		{E5EE3A89-F772-4E6B-87BC-113811B8669F}.Debug|Any CPU.Build.0 = Debug|Any CPU
		{E5EE3A89-F772-4E6B-87BC-113811B8669F}.Release|Any CPU.ActiveCfg = Release|Any CPU
		{E5EE3A89-F772-4E6B-87BC-113811B8669F}.Release|Any CPU.Build.0 = Release|Any CPU
		{2FEA78C7-EB18-4F88-844C-BD7CB8CBDFA8}.Debug|Any CPU.ActiveCfg = Debug|Any CPU
		{2FEA78C7-EB18-4F88-844C-BD7CB8CBDFA8}.Debug|Any CPU.Build.0 = Debug|Any CPU
		{2FEA78C7-EB18-4F88-844C-BD7CB8CBDFA8}.Release|Any CPU.ActiveCfg = Release|Any CPU
		{2FEA78C7-EB18-4F88-844C-BD7CB8CBDFA8}.Release|Any CPU.Build.0 = Release|Any CPU
	EndGlobalSection
	GlobalSection(SolutionProperties) = preSolution
		HideSolutionNode = FALSE
	EndGlobalSection
	GlobalSection(ExtensibilityGlobals) = postSolution
		SolutionGuid = {19AF34A4-C36A-4D3F-8DC7-B1E0D5BD457B}
	EndGlobalSection
EndGlobal
